
Microsoft Visual Studio Solution File, Format Version 12.00
# Visual Studio Version 17
VisualStudioVersion = 17.12.35707.178
MinimumVisualStudioVersion = 10.0.40219.1
Project("{FAE04EC0-301F-11D3-BF4B-00C04F79EFBC}") = "Modular-Monolith_API", "Modular-Monolith_API\Modular-Monolith_API.csproj", "{89F0353D-EA34-4D0E-B8C9-AC69D53CE454}"
EndProject
Project("{2150E333-8FDC-42A3-9474-1A3956D46DE8}") = "Modules", "Modules", "{7E0DF496-2D45-4A90-BB8B-B99B519B4229}"
EndProject
Project("{2150E333-8FDC-42A3-9474-1A3956D46DE8}") = "API", "API", "{D5C0B0CE-28C6-40F4-B13C-70477F29E33E}"
EndProject
Project("{2150E333-8FDC-42A3-9474-1A3956D46DE8}") = "Funcionarios", "Funcionarios", "{52BE26B8-2C97-4BBF-9AD9-68878DF0E83C}"
EndProject
Project("{2150E333-8FDC-42A3-9474-1A3956D46DE8}") = "Empresas", "Empresas", "{28BA75B4-3BE3-4FFB-9D4B-DD1AA07F75BC}"
EndProject
Project("{FAE04EC0-301F-11D3-BF4B-00C04F79EFBC}") = "Funcionarios.Domain", "Funcionarios.Domain\Funcionarios.Domain.csproj", "{01967B7A-77CD-497F-B773-66D66CD0C618}"
EndProject
Project("{FAE04EC0-301F-11D3-BF4B-00C04F79EFBC}") = "Funcionarios.Application", "Funcionarios.Application\Funcionarios.Application.csproj", "{9B41602D-57A0-42D9-8F23-D41C79D17350}"
EndProject
Project("{FAE04EC0-301F-11D3-BF4B-00C04F79EFBC}") = "Funcionarios.Infra.Data", "Funcionarios.Infra.Data\Funcionarios.Infra.Data.csproj", "{604C1DE3-7AD6-4EF0-BBB2-AEB2A6D7D19E}"
EndProject
Project("{FAE04EC0-301F-11D3-BF4B-00C04F79EFBC}") = "SharedKernel", "SharedKernel\SharedKernel.csproj", "{72F37DB0-4F5B-45A2-8F18-BDE545573144}"
EndProject
Project("{FAE04EC0-301F-11D3-BF4B-00C04F79EFBC}") = "Funcionarios.Infra.InversionOfControl", "Funcionarios.Infra.InversionOfControl\Funcionarios.Infra.InversionOfControl.csproj", "{59DE40B7-0D2A-4EF3-A31A-43D08063863A}"
EndProject
Project("{2150E333-8FDC-42A3-9474-1A3956D46DE8}") = "Solution Items", "Solution Items", "{C9013F33-A808-4ADF-A4CE-A8E4E4B142BC}"
	ProjectSection(SolutionItems) = preProject
		.editorconfig = .editorconfig
	EndProjectSection
EndProject
Project("{FAE04EC0-301F-11D3-BF4B-00C04F79EFBC}") = "Empresas.Application", "Empresas.Application\Empresas.Application.csproj", "{5886EE28-808F-499C-994F-8254D429A35B}"
EndProject
Project("{FAE04EC0-301F-11D3-BF4B-00C04F79EFBC}") = "Empresas.Domain", "Empresas.Domain\Empresas.Domain.csproj", "{DAB60E10-1C08-4163-8B0E-26061B01E327}"
EndProject
Project("{FAE04EC0-301F-11D3-BF4B-00C04F79EFBC}") = "Empresas.Infra.Data", "Empresas.Infra.Data\Empresas.Infra.Data.csproj", "{BD09DD8D-5A27-4323-AE4B-5CB63DC6D634}"
EndProject
Project("{FAE04EC0-301F-11D3-BF4B-00C04F79EFBC}") = "Empresas.Infra.InversionOfControl", "Empresas.Infra.InversionOfControl\Empresas.Infra.InversionOfControl.csproj", "{98CB88AD-FF48-465D-8AD4-8849F841CAC7}"
EndProject
Project("{FAE04EC0-301F-11D3-BF4B-00C04F79EFBC}") = "Common.Application", "Common.Application\Common.Application.csproj", "{20DD6B7C-EDBA-4BDE-A470-75F0FB843A1D}"
EndProject
Project("{2150E333-8FDC-42A3-9474-1A3956D46DE8}") = "EmpresasFuncionarios", "EmpresasFuncionarios", "{317ED2CB-20BA-4D36-BC0E-B0BAC1C16901}"
EndProject
Project("{FAE04EC0-301F-11D3-BF4B-00C04F79EFBC}") = "EmpresasFuncionarios.Application", "EmpresaFuncionario.Application\EmpresasFuncionarios.Application.csproj", "{6CC8DCD2-F62C-4302-B501-30EFB0CE751D}"
EndProject
Project("{FAE04EC0-301F-11D3-BF4B-00C04F79EFBC}") = "EmpresasFuncionarios.Domain", "EmpresaFuncionario.Domain\EmpresasFuncionarios.Domain.csproj", "{A293C4B7-04E7-4078-AA50-43D824ADD17D}"
EndProject
Project("{FAE04EC0-301F-11D3-BF4B-00C04F79EFBC}") = "EmpresasFuncionarios.Infra.Data", "EmpresaFuncionario.Infra.Data\EmpresasFuncionarios.Infra.Data.csproj", "{533B5181-CDE1-4C22-BF02-71D7B61176B7}"
EndProject
Project("{FAE04EC0-301F-11D3-BF4B-00C04F79EFBC}") = "EmpresasFuncionarios.Infra.InversionOfControl", "EmpresaFuncionario.Infra.InversionOfControl\EmpresasFuncionarios.Infra.InversionOfControl.csproj", "{7334DE7D-0D2F-422C-8700-BD2B7BF391D4}"
EndProject
Project("{2150E333-8FDC-42A3-9474-1A3956D46DE8}") = "Common", "Common", "{E8ED7883-45FA-4B2B-99B1-1D209A739120}"
EndProject
Global
	GlobalSection(SolutionConfigurationPlatforms) = preSolution
		Debug|Any CPU = Debug|Any CPU
		Release|Any CPU = Release|Any CPU
	EndGlobalSection
	GlobalSection(ProjectConfigurationPlatforms) = postSolution
		{89F0353D-EA34-4D0E-B8C9-AC69D53CE454}.Debug|Any CPU.ActiveCfg = Debug|Any CPU
		{89F0353D-EA34-4D0E-B8C9-AC69D53CE454}.Debug|Any CPU.Build.0 = Debug|Any CPU
		{89F0353D-EA34-4D0E-B8C9-AC69D53CE454}.Release|Any CPU.ActiveCfg = Release|Any CPU
		{89F0353D-EA34-4D0E-B8C9-AC69D53CE454}.Release|Any CPU.Build.0 = Release|Any CPU
		{01967B7A-77CD-497F-B773-66D66CD0C618}.Debug|Any CPU.ActiveCfg = Debug|Any CPU
		{01967B7A-77CD-497F-B773-66D66CD0C618}.Debug|Any CPU.Build.0 = Debug|Any CPU
		{01967B7A-77CD-497F-B773-66D66CD0C618}.Release|Any CPU.ActiveCfg = Release|Any CPU
		{01967B7A-77CD-497F-B773-66D66CD0C618}.Release|Any CPU.Build.0 = Release|Any CPU
		{9B41602D-57A0-42D9-8F23-D41C79D17350}.Debug|Any CPU.ActiveCfg = Debug|Any CPU
		{9B41602D-57A0-42D9-8F23-D41C79D17350}.Debug|Any CPU.Build.0 = Debug|Any CPU
		{9B41602D-57A0-42D9-8F23-D41C79D17350}.Release|Any CPU.ActiveCfg = Release|Any CPU
		{9B41602D-57A0-42D9-8F23-D41C79D17350}.Release|Any CPU.Build.0 = Release|Any CPU
		{604C1DE3-7AD6-4EF0-BBB2-AEB2A6D7D19E}.Debug|Any CPU.ActiveCfg = Debug|Any CPU
		{604C1DE3-7AD6-4EF0-BBB2-AEB2A6D7D19E}.Debug|Any CPU.Build.0 = Debug|Any CPU
		{604C1DE3-7AD6-4EF0-BBB2-AEB2A6D7D19E}.Release|Any CPU.ActiveCfg = Release|Any CPU
		{604C1DE3-7AD6-4EF0-BBB2-AEB2A6D7D19E}.Release|Any CPU.Build.0 = Release|Any CPU
		{72F37DB0-4F5B-45A2-8F18-BDE545573144}.Debug|Any CPU.ActiveCfg = Debug|Any CPU
		{72F37DB0-4F5B-45A2-8F18-BDE545573144}.Debug|Any CPU.Build.0 = Debug|Any CPU
		{72F37DB0-4F5B-45A2-8F18-BDE545573144}.Release|Any CPU.ActiveCfg = Release|Any CPU
		{72F37DB0-4F5B-45A2-8F18-BDE545573144}.Release|Any CPU.Build.0 = Release|Any CPU
		{59DE40B7-0D2A-4EF3-A31A-43D08063863A}.Debug|Any CPU.ActiveCfg = Debug|Any CPU
		{59DE40B7-0D2A-4EF3-A31A-43D08063863A}.Debug|Any CPU.Build.0 = Debug|Any CPU
		{59DE40B7-0D2A-4EF3-A31A-43D08063863A}.Release|Any CPU.ActiveCfg = Release|Any CPU
		{59DE40B7-0D2A-4EF3-A31A-43D08063863A}.Release|Any CPU.Build.0 = Release|Any CPU
		{5886EE28-808F-499C-994F-8254D429A35B}.Debug|Any CPU.ActiveCfg = Debug|Any CPU
		{5886EE28-808F-499C-994F-8254D429A35B}.Debug|Any CPU.Build.0 = Debug|Any CPU
		{5886EE28-808F-499C-994F-8254D429A35B}.Release|Any CPU.ActiveCfg = Release|Any CPU
		{5886EE28-808F-499C-994F-8254D429A35B}.Release|Any CPU.Build.0 = Release|Any CPU
		{DAB60E10-1C08-4163-8B0E-26061B01E327}.Debug|Any CPU.ActiveCfg = Debug|Any CPU
		{DAB60E10-1C08-4163-8B0E-26061B01E327}.Debug|Any CPU.Build.0 = Debug|Any CPU
		{DAB60E10-1C08-4163-8B0E-26061B01E327}.Release|Any CPU.ActiveCfg = Release|Any CPU
		{DAB60E10-1C08-4163-8B0E-26061B01E327}.Release|Any CPU.Build.0 = Release|Any CPU
		{BD09DD8D-5A27-4323-AE4B-5CB63DC6D634}.Debug|Any CPU.ActiveCfg = Debug|Any CPU
		{BD09DD8D-5A27-4323-AE4B-5CB63DC6D634}.Debug|Any CPU.Build.0 = Debug|Any CPU
		{BD09DD8D-5A27-4323-AE4B-5CB63DC6D634}.Release|Any CPU.ActiveCfg = Release|Any CPU
		{BD09DD8D-5A27-4323-AE4B-5CB63DC6D634}.Release|Any CPU.Build.0 = Release|Any CPU
		{98CB88AD-FF48-465D-8AD4-8849F841CAC7}.Debug|Any CPU.ActiveCfg = Debug|Any CPU
		{98CB88AD-FF48-465D-8AD4-8849F841CAC7}.Debug|Any CPU.Build.0 = Debug|Any CPU
		{98CB88AD-FF48-465D-8AD4-8849F841CAC7}.Release|Any CPU.ActiveCfg = Release|Any CPU
		{98CB88AD-FF48-465D-8AD4-8849F841CAC7}.Release|Any CPU.Build.0 = Release|Any CPU
		{20DD6B7C-EDBA-4BDE-A470-75F0FB843A1D}.Debug|Any CPU.ActiveCfg = Debug|Any CPU
		{20DD6B7C-EDBA-4BDE-A470-75F0FB843A1D}.Debug|Any CPU.Build.0 = Debug|Any CPU
		{20DD6B7C-EDBA-4BDE-A470-75F0FB843A1D}.Release|Any CPU.ActiveCfg = Release|Any CPU
		{20DD6B7C-EDBA-4BDE-A470-75F0FB843A1D}.Release|Any CPU.Build.0 = Release|Any CPU
		{6CC8DCD2-F62C-4302-B501-30EFB0CE751D}.Debug|Any CPU.ActiveCfg = Debug|Any CPU
		{6CC8DCD2-F62C-4302-B501-30EFB0CE751D}.Debug|Any CPU.Build.0 = Debug|Any CPU
		{6CC8DCD2-F62C-4302-B501-30EFB0CE751D}.Release|Any CPU.ActiveCfg = Release|Any CPU
		{6CC8DCD2-F62C-4302-B501-30EFB0CE751D}.Release|Any CPU.Build.0 = Release|Any CPU
		{A293C4B7-04E7-4078-AA50-43D824ADD17D}.Debug|Any CPU.ActiveCfg = Debug|Any CPU
		{A293C4B7-04E7-4078-AA50-43D824ADD17D}.Debug|Any CPU.Build.0 = Debug|Any CPU
		{A293C4B7-04E7-4078-AA50-43D824ADD17D}.Release|Any CPU.ActiveCfg = Release|Any CPU
		{A293C4B7-04E7-4078-AA50-43D824ADD17D}.Release|Any CPU.Build.0 = Release|Any CPU
		{533B5181-CDE1-4C22-BF02-71D7B61176B7}.Debug|Any CPU.ActiveCfg = Debug|Any CPU
		{533B5181-CDE1-4C22-BF02-71D7B61176B7}.Debug|Any CPU.Build.0 = Debug|Any CPU
		{533B5181-CDE1-4C22-BF02-71D7B61176B7}.Release|Any CPU.ActiveCfg = Release|Any CPU
		{533B5181-CDE1-4C22-BF02-71D7B61176B7}.Release|Any CPU.Build.0 = Release|Any CPU
		{7334DE7D-0D2F-422C-8700-BD2B7BF391D4}.Debug|Any CPU.ActiveCfg = Debug|Any CPU
		{7334DE7D-0D2F-422C-8700-BD2B7BF391D4}.Debug|Any CPU.Build.0 = Debug|Any CPU
		{7334DE7D-0D2F-422C-8700-BD2B7BF391D4}.Release|Any CPU.ActiveCfg = Release|Any CPU
		{7334DE7D-0D2F-422C-8700-BD2B7BF391D4}.Release|Any CPU.Build.0 = Release|Any CPU
	EndGlobalSection
	GlobalSection(SolutionProperties) = preSolution
		HideSolutionNode = FALSE
	EndGlobalSection
	GlobalSection(NestedProjects) = preSolution
		{89F0353D-EA34-4D0E-B8C9-AC69D53CE454} = {D5C0B0CE-28C6-40F4-B13C-70477F29E33E}
		{52BE26B8-2C97-4BBF-9AD9-68878DF0E83C} = {7E0DF496-2D45-4A90-BB8B-B99B519B4229}
		{28BA75B4-3BE3-4FFB-9D4B-DD1AA07F75BC} = {7E0DF496-2D45-4A90-BB8B-B99B519B4229}
		{01967B7A-77CD-497F-B773-66D66CD0C618} = {52BE26B8-2C97-4BBF-9AD9-68878DF0E83C}
		{9B41602D-57A0-42D9-8F23-D41C79D17350} = {52BE26B8-2C97-4BBF-9AD9-68878DF0E83C}
		{604C1DE3-7AD6-4EF0-BBB2-AEB2A6D7D19E} = {52BE26B8-2C97-4BBF-9AD9-68878DF0E83C}
		{72F37DB0-4F5B-45A2-8F18-BDE545573144} = {E8ED7883-45FA-4B2B-99B1-1D209A739120}
		{59DE40B7-0D2A-4EF3-A31A-43D08063863A} = {52BE26B8-2C97-4BBF-9AD9-68878DF0E83C}
		{5886EE28-808F-499C-994F-8254D429A35B} = {28BA75B4-3BE3-4FFB-9D4B-DD1AA07F75BC}
		{DAB60E10-1C08-4163-8B0E-26061B01E327} = {28BA75B4-3BE3-4FFB-9D4B-DD1AA07F75BC}
		{BD09DD8D-5A27-4323-AE4B-5CB63DC6D634} = {28BA75B4-3BE3-4FFB-9D4B-DD1AA07F75BC}
		{98CB88AD-FF48-465D-8AD4-8849F841CAC7} = {28BA75B4-3BE3-4FFB-9D4B-DD1AA07F75BC}
		{20DD6B7C-EDBA-4BDE-A470-75F0FB843A1D} = {E8ED7883-45FA-4B2B-99B1-1D209A739120}
		{317ED2CB-20BA-4D36-BC0E-B0BAC1C16901} = {7E0DF496-2D45-4A90-BB8B-B99B519B4229}
		{6CC8DCD2-F62C-4302-B501-30EFB0CE751D} = {317ED2CB-20BA-4D36-BC0E-B0BAC1C16901}
		{A293C4B7-04E7-4078-AA50-43D824ADD17D} = {317ED2CB-20BA-4D36-BC0E-B0BAC1C16901}
		{533B5181-CDE1-4C22-BF02-71D7B61176B7} = {317ED2CB-20BA-4D36-BC0E-B0BAC1C16901}
		{7334DE7D-0D2F-422C-8700-BD2B7BF391D4} = {317ED2CB-20BA-4D36-BC0E-B0BAC1C16901}
	EndGlobalSection
EndGlobal
